
Microsoft Visual Studio Solution File, Format Version 12.00
# Visual Studio Version 17
VisualStudioVersion = 17.5.002.0
MinimumVisualStudioVersion = 10.0.40219.1
Project("{9A19103F-16F7-4668-BE54-9A1E7A4F7556}") = "lab_1_Multicast", "lab_1_Multicast.csproj", "{F8B6D932-BFC7-4FC5-AA41-EF292D7AA4C8}"
EndProject
Global
	GlobalSection(SolutionConfigurationPlatforms) = preSolution
		Debug|Any CPU = Debug|Any CPU
		Release|Any CPU = Release|Any CPU
	EndGlobalSection
	GlobalSection(ProjectConfigurationPlatforms) = postSolution
		{F8B6D932-BFC7-4FC5-AA41-EF292D7AA4C8}.Debug|Any CPU.ActiveCfg = Debug|Any CPU
		{F8B6D932-BFC7-4FC5-AA41-EF292D7AA4C8}.Debug|Any CPU.Build.0 = Debug|Any CPU
		{F8B6D932-BFC7-4FC5-AA41-EF292D7AA4C8}.Release|Any CPU.ActiveCfg = Release|Any CPU
		{F8B6D932-BFC7-4FC5-AA41-EF292D7AA4C8}.Release|Any CPU.Build.0 = Release|Any CPU
	EndGlobalSection
	GlobalSection(SolutionProperties) = preSolution
		HideSolutionNode = FALSE
	EndGlobalSection
	GlobalSection(ExtensibilityGlobals) = postSolution
		SolutionGuid = {B18DB8C4-023E-430A-A441-CE3A98DF79AF}
	EndGlobalSection
EndGlobal
